// !$*UTF8*$!
{
	archiveVersion = 1;
	classes = {
	};
	objectVersion = 46;
	objects = {

/* Begin PBXBuildFile section */
		1A380FB4CAE256522576CDC0 /* Pods_Initial.framework in Frameworks */ = {isa = PBXBuildFile; fileRef = F48DB73AFB064A34C129E952 /* Pods_Initial.framework */; };
		5F5EAD161DA2405500C671D0 /* AppDelegate.swift in Sources */ = {isa = PBXBuildFile; fileRef = 5F5EAD151DA2405500C671D0 /* AppDelegate.swift */; };
		5F5EAD181DA2405500C671D0 /* ViewController.swift in Sources */ = {isa = PBXBuildFile; fileRef = 5F5EAD171DA2405500C671D0 /* ViewController.swift */; };
		5F5EAD1B1DA2405500C671D0 /* Main.storyboard in Resources */ = {isa = PBXBuildFile; fileRef = 5F5EAD191DA2405500C671D0 /* Main.storyboard */; };
		5F5EAD1D1DA2405500C671D0 /* Assets.xcassets in Resources */ = {isa = PBXBuildFile; fileRef = 5F5EAD1C1DA2405500C671D0 /* Assets.xcassets */; };
		5F5EAD201DA2405500C671D0 /* LaunchScreen.storyboard in Resources */ = {isa = PBXBuildFile; fileRef = 5F5EAD1E1DA2405500C671D0 /* LaunchScreen.storyboard */; };
		5F5EAD2B1DA2405500C671D0 /* InitialTests.swift in Sources */ = {isa = PBXBuildFile; fileRef = 5F5EAD2A1DA2405500C671D0 /* InitialTests.swift */; };
		5F5EAD361DA2405500C671D0 /* InitialUITests.swift in Sources */ = {isa = PBXBuildFile; fileRef = 5F5EAD351DA2405500C671D0 /* InitialUITests.swift */; };
		5FC764B21DA38841003F30FB /* Model.swift in Sources */ = {isa = PBXBuildFile; fileRef = 5FC764B11DA38841003F30FB /* Model.swift */; };
/* End PBXBuildFile section */

/* Begin PBXContainerItemProxy section */
		5F5EAD271DA2405500C671D0 /* PBXContainerItemProxy */ = {
			isa = PBXContainerItemProxy;
			containerPortal = 5F5EAD0A1DA2405400C671D0 /* Project object */;
			proxyType = 1;
			remoteGlobalIDString = 5F5EAD111DA2405400C671D0;
			remoteInfo = Initial;
		};
		5F5EAD321DA2405500C671D0 /* PBXContainerItemProxy */ = {
			isa = PBXContainerItemProxy;
			containerPortal = 5F5EAD0A1DA2405400C671D0 /* Project object */;
			proxyType = 1;
			remoteGlobalIDString = 5F5EAD111DA2405400C671D0;
			remoteInfo = Initial;
		};
/* End PBXContainerItemProxy section */

/* Begin PBXFileReference section */
		5F5EAD121DA2405500C671D0 /* Initial.app */ = {isa = PBXFileReference; explicitFileType = wrapper.application; includeInIndex = 0; path = Initial.app; sourceTree = BUILT_PRODUCTS_DIR; };
		5F5EAD151DA2405500C671D0 /* AppDelegate.swift */ = {isa = PBXFileReference; lastKnownFileType = sourcecode.swift; path = AppDelegate.swift; sourceTree = "<group>"; };
		5F5EAD171DA2405500C671D0 /* ViewController.swift */ = {isa = PBXFileReference; lastKnownFileType = sourcecode.swift; path = ViewController.swift; sourceTree = "<group>"; };
		5F5EAD1A1DA2405500C671D0 /* Base */ = {isa = PBXFileReference; lastKnownFileType = file.storyboard; name = Base; path = Base.lproj/Main.storyboard; sourceTree = "<group>"; };
		5F5EAD1C1DA2405500C671D0 /* Assets.xcassets */ = {isa = PBXFileReference; lastKnownFileType = folder.assetcatalog; path = Assets.xcassets; sourceTree = "<group>"; };
		5F5EAD1F1DA2405500C671D0 /* Base */ = {isa = PBXFileReference; lastKnownFileType = file.storyboard; name = Base; path = Base.lproj/LaunchScreen.storyboard; sourceTree = "<group>"; };
		5F5EAD211DA2405500C671D0 /* Info.plist */ = {isa = PBXFileReference; lastKnownFileType = text.plist.xml; path = Info.plist; sourceTree = "<group>"; };
		5F5EAD261DA2405500C671D0 /* InitialTests.xctest */ = {isa = PBXFileReference; explicitFileType = wrapper.cfbundle; includeInIndex = 0; path = InitialTests.xctest; sourceTree = BUILT_PRODUCTS_DIR; };
		5F5EAD2A1DA2405500C671D0 /* InitialTests.swift */ = {isa = PBXFileReference; lastKnownFileType = sourcecode.swift; path = InitialTests.swift; sourceTree = "<group>"; };
		5F5EAD2C1DA2405500C671D0 /* Info.plist */ = {isa = PBXFileReference; lastKnownFileType = text.plist.xml; path = Info.plist; sourceTree = "<group>"; };
		5F5EAD311DA2405500C671D0 /* InitialUITests.xctest */ = {isa = PBXFileReference; explicitFileType = wrapper.cfbundle; includeInIndex = 0; path = InitialUITests.xctest; sourceTree = BUILT_PRODUCTS_DIR; };
		5F5EAD351DA2405500C671D0 /* InitialUITests.swift */ = {isa = PBXFileReference; lastKnownFileType = sourcecode.swift; path = InitialUITests.swift; sourceTree = "<group>"; };
		5F5EAD371DA2405500C671D0 /* Info.plist */ = {isa = PBXFileReference; lastKnownFileType = text.plist.xml; path = Info.plist; sourceTree = "<group>"; };
		5FC764B11DA38841003F30FB /* Model.swift */ = {isa = PBXFileReference; fileEncoding = 4; lastKnownFileType = sourcecode.swift; path = Model.swift; sourceTree = "<group>"; };
		DE36C7A7F8E75D55F22615DA /* Pods-Initial.release.xcconfig */ = {isa = PBXFileReference; includeInIndex = 1; lastKnownFileType = text.xcconfig; name = "Pods-Initial.release.xcconfig"; path = "Pods/Target Support Files/Pods-Initial/Pods-Initial.release.xcconfig"; sourceTree = "<group>"; };
		E19C506E489FED1AE462DD9E /* Pods-Initial.debug.xcconfig */ = {isa = PBXFileReference; includeInIndex = 1; lastKnownFileType = text.xcconfig; name = "Pods-Initial.debug.xcconfig"; path = "Pods/Target Support Files/Pods-Initial/Pods-Initial.debug.xcconfig"; sourceTree = "<group>"; };
		F48DB73AFB064A34C129E952 /* Pods_Initial.framework */ = {isa = PBXFileReference; explicitFileType = wrapper.framework; includeInIndex = 0; path = Pods_Initial.framework; sourceTree = BUILT_PRODUCTS_DIR; };
/* End PBXFileReference section */

/* Begin PBXFrameworksBuildPhase section */
		5F5EAD0F1DA2405400C671D0 /* Frameworks */ = {
			isa = PBXFrameworksBuildPhase;
			buildActionMask = 2147483647;
			files = (
				1A380FB4CAE256522576CDC0 /* Pods_Initial.framework in Frameworks */,
			);
			runOnlyForDeploymentPostprocessing = 0;
		};
		5F5EAD231DA2405500C671D0 /* Frameworks */ = {
			isa = PBXFrameworksBuildPhase;
			buildActionMask = 2147483647;
			files = (
			);
			runOnlyForDeploymentPostprocessing = 0;
		};
		5F5EAD2E1DA2405500C671D0 /* Frameworks */ = {
			isa = PBXFrameworksBuildPhase;
			buildActionMask = 2147483647;
			files = (
			);
			runOnlyForDeploymentPostprocessing = 0;
		};
/* End PBXFrameworksBuildPhase section */

/* Begin PBXGroup section */
		41FD78A2A71AD98F9D5DA1D3 /* Pods */ = {
			isa = PBXGroup;
			children = (
				E19C506E489FED1AE462DD9E /* Pods-Initial.debug.xcconfig */,
				DE36C7A7F8E75D55F22615DA /* Pods-Initial.release.xcconfig */,
			);
			name = Pods;
			sourceTree = "<group>";
		};
		5F5EAD091DA2405400C671D0 = {
			isa = PBXGroup;
			children = (
				5F5EAD141DA2405500C671D0 /* Initial */,
				5F5EAD291DA2405500C671D0 /* InitialTests */,
				5F5EAD341DA2405500C671D0 /* InitialUITests */,
				5F5EAD131DA2405500C671D0 /* Products */,
				41FD78A2A71AD98F9D5DA1D3 /* Pods */,
				A3A1EC6F259F4B320ADABFA8 /* Frameworks */,
			);
			sourceTree = "<group>";
		};
		5F5EAD131DA2405500C671D0 /* Products */ = {
			isa = PBXGroup;
			children = (
				5F5EAD121DA2405500C671D0 /* Initial.app */,
				5F5EAD261DA2405500C671D0 /* InitialTests.xctest */,
				5F5EAD311DA2405500C671D0 /* InitialUITests.xctest */,
			);
			name = Products;
			sourceTree = "<group>";
		};
		5F5EAD141DA2405500C671D0 /* Initial */ = {
			isa = PBXGroup;
			children = (
				5F5EAD151DA2405500C671D0 /* AppDelegate.swift */,
				5F5EAD171DA2405500C671D0 /* ViewController.swift */,
				5FC764B11DA38841003F30FB /* Model.swift */,
				5F5EAD191DA2405500C671D0 /* Main.storyboard */,
				5F5EAD1C1DA2405500C671D0 /* Assets.xcassets */,
				5F5EAD1E1DA2405500C671D0 /* LaunchScreen.storyboard */,
				5F5EAD211DA2405500C671D0 /* Info.plist */,
			);
			path = Initial;
			sourceTree = "<group>";
		};
		5F5EAD291DA2405500C671D0 /* InitialTests */ = {
			isa = PBXGroup;
			children = (
				5F5EAD2A1DA2405500C671D0 /* InitialTests.swift */,
				5F5EAD2C1DA2405500C671D0 /* Info.plist */,
			);
			path = InitialTests;
			sourceTree = "<group>";
		};
		5F5EAD341DA2405500C671D0 /* InitialUITests */ = {
			isa = PBXGroup;
			children = (
				5F5EAD351DA2405500C671D0 /* InitialUITests.swift */,
				5F5EAD371DA2405500C671D0 /* Info.plist */,
			);
			path = InitialUITests;
			sourceTree = "<group>";
		};
		A3A1EC6F259F4B320ADABFA8 /* Frameworks */ = {
			isa = PBXGroup;
			children = (
				F48DB73AFB064A34C129E952 /* Pods_Initial.framework */,
			);
			name = Frameworks;
			sourceTree = "<group>";
		};
/* End PBXGroup section */

/* Begin PBXNativeTarget section */
		5F5EAD111DA2405400C671D0 /* Initial */ = {
			isa = PBXNativeTarget;
			buildConfigurationList = 5F5EAD3A1DA2405500C671D0 /* Build configuration list for PBXNativeTarget "Initial" */;
			buildPhases = (
				494A8C95913A72E72DA2FB6A /* [CP] Check Pods Manifest.lock */,
				5F5EAD0E1DA2405400C671D0 /* Sources */,
				5F5EAD0F1DA2405400C671D0 /* Frameworks */,
				5F5EAD101DA2405400C671D0 /* Resources */,
				BDF0EDAED6B519DFCAF98661 /* [CP] Embed Pods Frameworks */,
				AD6FB7E328AD42DE51F96909 /* [CP] Copy Pods Resources */,
			);
			buildRules = (
			);
			dependencies = (
			);
			name = Initial;
			productName = Initial;
			productReference = 5F5EAD121DA2405500C671D0 /* Initial.app */;
			productType = "com.apple.product-type.application";
		};
		5F5EAD251DA2405500C671D0 /* InitialTests */ = {
			isa = PBXNativeTarget;
			buildConfigurationList = 5F5EAD3D1DA2405500C671D0 /* Build configuration list for PBXNativeTarget "InitialTests" */;
			buildPhases = (
				5F5EAD221DA2405500C671D0 /* Sources */,
				5F5EAD231DA2405500C671D0 /* Frameworks */,
				5F5EAD241DA2405500C671D0 /* Resources */,
			);
			buildRules = (
			);
			dependencies = (
				5F5EAD281DA2405500C671D0 /* PBXTargetDependency */,
			);
			name = InitialTests;
			productName = InitialTests;
			productReference = 5F5EAD261DA2405500C671D0 /* InitialTests.xctest */;
			productType = "com.apple.product-type.bundle.unit-test";
		};
		5F5EAD301DA2405500C671D0 /* InitialUITests */ = {
			isa = PBXNativeTarget;
			buildConfigurationList = 5F5EAD401DA2405500C671D0 /* Build configuration list for PBXNativeTarget "InitialUITests" */;
			buildPhases = (
				5F5EAD2D1DA2405500C671D0 /* Sources */,
				5F5EAD2E1DA2405500C671D0 /* Frameworks */,
				5F5EAD2F1DA2405500C671D0 /* Resources */,
			);
			buildRules = (
			);
			dependencies = (
				5F5EAD331DA2405500C671D0 /* PBXTargetDependency */,
			);
			name = InitialUITests;
			productName = InitialUITests;
			productReference = 5F5EAD311DA2405500C671D0 /* InitialUITests.xctest */;
			productType = "com.apple.product-type.bundle.ui-testing";
		};
/* End PBXNativeTarget section */

/* Begin PBXProject section */
		5F5EAD0A1DA2405400C671D0 /* Project object */ = {
			isa = PBXProject;
			attributes = {
				LastSwiftUpdateCheck = 0800;
				LastUpgradeCheck = 0800;
				ORGANIZATIONNAME = "Mohammad Salah";
				TargetAttributes = {
					5F5EAD111DA2405400C671D0 = {
						CreatedOnToolsVersion = 8.0;
						ProvisioningStyle = Automatic;
					};
					5F5EAD251DA2405500C671D0 = {
						CreatedOnToolsVersion = 8.0;
						ProvisioningStyle = Automatic;
						TestTargetID = 5F5EAD111DA2405400C671D0;
					};
					5F5EAD301DA2405500C671D0 = {
						CreatedOnToolsVersion = 8.0;
						ProvisioningStyle = Automatic;
						TestTargetID = 5F5EAD111DA2405400C671D0;
					};
				};
			};
			buildConfigurationList = 5F5EAD0D1DA2405400C671D0 /* Build configuration list for PBXProject "Initial" */;
			compatibilityVersion = "Xcode 3.2";
			developmentRegion = English;
			hasScannedForEncodings = 0;
			knownRegions = (
				en,
				Base,
			);
			mainGroup = 5F5EAD091DA2405400C671D0;
			productRefGroup = 5F5EAD131DA2405500C671D0 /* Products */;
			projectDirPath = "";
			projectRoot = "";
			targets = (
				5F5EAD111DA2405400C671D0 /* Initial */,
				5F5EAD251DA2405500C671D0 /* InitialTests */,
				5F5EAD301DA2405500C671D0 /* InitialUITests */,
			);
		};
/* End PBXProject section */

/* Begin PBXResourcesBuildPhase section */
		5F5EAD101DA2405400C671D0 /* Resources */ = {
			isa = PBXResourcesBuildPhase;
			buildActionMask = 2147483647;
			files = (
				5F5EAD201DA2405500C671D0 /* LaunchScreen.storyboard in Resources */,
				5F5EAD1D1DA2405500C671D0 /* Assets.xcassets in Resources */,
				5F5EAD1B1DA2405500C671D0 /* Main.storyboard in Resources */,
			);
			runOnlyForDeploymentPostprocessing = 0;
		};
		5F5EAD241DA2405500C671D0 /* Resources */ = {
			isa = PBXResourcesBuildPhase;
			buildActionMask = 2147483647;
			files = (
			);
			runOnlyForDeploymentPostprocessing = 0;
		};
		5F5EAD2F1DA2405500C671D0 /* Resources */ = {
			isa = PBXResourcesBuildPhase;
			buildActionMask = 2147483647;
			files = (
			);
			runOnlyForDeploymentPostprocessing = 0;
		};
/* End PBXResourcesBuildPhase section */

/* Begin PBXShellScriptBuildPhase section */
		494A8C95913A72E72DA2FB6A /* [CP] Check Pods Manifest.lock */ = {
			isa = PBXShellScriptBuildPhase;
			buildActionMask = 2147483647;
			files = (
			);
			inputPaths = (
			);
			name = "[CP] Check Pods Manifest.lock";
			outputPaths = (
			);
			runOnlyForDeploymentPostprocessing = 0;
			shellPath = /bin/sh;
			shellScript = "diff \"${PODS_ROOT}/../Podfile.lock\" \"${PODS_ROOT}/Manifest.lock\" > /dev/null\nif [[ $? != 0 ]] ; then\n    cat << EOM\nerror: The sandbox is not in sync with the Podfile.lock. Run 'pod install' or update your CocoaPods installation.\nEOM\n    exit 1\nfi\n";
			showEnvVarsInLog = 0;
		};
		AD6FB7E328AD42DE51F96909 /* [CP] Copy Pods Resources */ = {
			isa = PBXShellScriptBuildPhase;
			buildActionMask = 2147483647;
			files = (
			);
			inputPaths = (
			);
			name = "[CP] Copy Pods Resources";
			outputPaths = (
			);
			runOnlyForDeploymentPostprocessing = 0;
			shellPath = /bin/sh;
			shellScript = "\"${SRCROOT}/Pods/Target Support Files/Pods-Initial/Pods-Initial-resources.sh\"\n";
			showEnvVarsInLog = 0;
		};
		BDF0EDAED6B519DFCAF98661 /* [CP] Embed Pods Frameworks */ = {
			isa = PBXShellScriptBuildPhase;
			buildActionMask = 2147483647;
			files = (
			);
			inputPaths = (
			);
			name = "[CP] Embed Pods Frameworks";
			outputPaths = (
			);
			runOnlyForDeploymentPostprocessing = 0;
			shellPath = /bin/sh;
			shellScript = "\"${SRCROOT}/Pods/Target Support Files/Pods-Initial/Pods-Initial-frameworks.sh\"\n";
			showEnvVarsInLog = 0;
		};
/* End PBXShellScriptBuildPhase section */

/* Begin PBXSourcesBuildPhase section */
		5F5EAD0E1DA2405400C671D0 /* Sources */ = {
			isa = PBXSourcesBuildPhase;
			buildActionMask = 2147483647;
			files = (
				5FC764B21DA38841003F30FB /* Model.swift in Sources */,
				5F5EAD181DA2405500C671D0 /* ViewController.swift in Sources */,
				5F5EAD161DA2405500C671D0 /* AppDelegate.swift in Sources */,
			);
			runOnlyForDeploymentPostprocessing = 0;
		};
		5F5EAD221DA2405500C671D0 /* Sources */ = {
			isa = PBXSourcesBuildPhase;
			buildActionMask = 2147483647;
			files = (
				5F5EAD2B1DA2405500C671D0 /* InitialTests.swift in Sources */,
			);
			runOnlyForDeploymentPostprocessing = 0;
		};
		5F5EAD2D1DA2405500C671D0 /* Sources */ = {
			isa = PBXSourcesBuildPhase;
			buildActionMask = 2147483647;
			files = (
				5F5EAD361DA2405500C671D0 /* InitialUITests.swift in Sources */,
			);
			runOnlyForDeploymentPostprocessing = 0;
		};
/* End PBXSourcesBuildPhase section */

/* Begin PBXTargetDependency section */
		5F5EAD281DA2405500C671D0 /* PBXTargetDependency */ = {
			isa = PBXTargetDependency;
			target = 5F5EAD111DA2405400C671D0 /* Initial */;
			targetProxy = 5F5EAD271DA2405500C671D0 /* PBXContainerItemProxy */;
		};
		5F5EAD331DA2405500C671D0 /* PBXTargetDependency */ = {
			isa = PBXTargetDependency;
			target = 5F5EAD111DA2405400C671D0 /* Initial */;
			targetProxy = 5F5EAD321DA2405500C671D0 /* PBXContainerItemProxy */;
		};
/* End PBXTargetDependency section */

/* Begin PBXVariantGroup section */
		5F5EAD191DA2405500C671D0 /* Main.storyboard */ = {
			isa = PBXVariantGroup;
			children = (
				5F5EAD1A1DA2405500C671D0 /* Base */,
			);
			name = Main.storyboard;
			sourceTree = "<group>";
		};
		5F5EAD1E1DA2405500C671D0 /* LaunchScreen.storyboard */ = {
			isa = PBXVariantGroup;
			children = (
				5F5EAD1F1DA2405500C671D0 /* Base */,
			);
			name = LaunchScreen.storyboard;
			sourceTree = "<group>";
		};
/* End PBXVariantGroup section */

/* Begin XCBuildConfiguration section */
		5F5EAD381DA2405500C671D0 /* Debug */ = {
			isa = XCBuildConfiguration;
			buildSettings = {
				ALWAYS_SEARCH_USER_PATHS = NO;
				CLANG_ANALYZER_NONNULL = YES;
				CLANG_CXX_LANGUAGE_STANDARD = "gnu++0x";
				CLANG_CXX_LIBRARY = "libc++";
				CLANG_ENABLE_MODULES = YES;
				CLANG_ENABLE_OBJC_ARC = YES;
				CLANG_WARN_BOOL_CONVERSION = YES;
				CLANG_WARN_CONSTANT_CONVERSION = YES;
				CLANG_WARN_DIRECT_OBJC_ISA_USAGE = YES_ERROR;
				CLANG_WARN_DOCUMENTATION_COMMENTS = YES;
				CLANG_WARN_EMPTY_BODY = YES;
				CLANG_WARN_ENUM_CONVERSION = YES;
				CLANG_WARN_INFINITE_RECURSION = YES;
				CLANG_WARN_INT_CONVERSION = YES;
				CLANG_WARN_OBJC_ROOT_CLASS = YES_ERROR;
				CLANG_WARN_SUSPICIOUS_MOVES = YES;
				CLANG_WARN_UNREACHABLE_CODE = YES;
				CLANG_WARN__DUPLICATE_METHOD_MATCH = YES;
				"CODE_SIGN_IDENTITY[sdk=iphoneos*]" = "iPhone Developer";
				COPY_PHASE_STRIP = NO;
				DEBUG_INFORMATION_FORMAT = dwarf;
				ENABLE_STRICT_OBJC_MSGSEND = YES;
				ENABLE_TESTABILITY = YES;
				GCC_C_LANGUAGE_STANDARD = gnu99;
				GCC_DYNAMIC_NO_PIC = NO;
				GCC_NO_COMMON_BLOCKS = YES;
				GCC_OPTIMIZATION_LEVEL = 0;
				GCC_PREPROCESSOR_DEFINITIONS = (
					"DEBUG=1",
					"$(inherited)",
				);
				GCC_WARN_64_TO_32_BIT_CONVERSION = YES;
				GCC_WARN_ABOUT_RETURN_TYPE = YES_ERROR;
				GCC_WARN_UNDECLARED_SELECTOR = YES;
				GCC_WARN_UNINITIALIZED_AUTOS = YES_AGGRESSIVE;
				GCC_WARN_UNUSED_FUNCTION = YES;
				GCC_WARN_UNUSED_VARIABLE = YES;
				IPHONEOS_DEPLOYMENT_TARGET = 10.0;
				MTL_ENABLE_DEBUG_INFO = YES;
				ONLY_ACTIVE_ARCH = YES;
				SDKROOT = iphoneos;
				SWIFT_ACTIVE_COMPILATION_CONDITIONS = DEBUG;
				SWIFT_OPTIMIZATION_LEVEL = "-Onone";
				TARGETED_DEVICE_FAMILY = "1,2";
			};
			name = Debug;
		};
		5F5EAD391DA2405500C671D0 /* Release */ = {
			isa = XCBuildConfiguration;
			buildSettings = {
				ALWAYS_SEARCH_USER_PATHS = NO;
				CLANG_ANALYZER_NONNULL = YES;
				CLANG_CXX_LANGUAGE_STANDARD = "gnu++0x";
				CLANG_CXX_LIBRARY = "libc++";
				CLANG_ENABLE_MODULES = YES;
				CLANG_ENABLE_OBJC_ARC = YES;
				CLANG_WARN_BOOL_CONVERSION = YES;
				CLANG_WARN_CONSTANT_CONVERSION = YES;
				CLANG_WARN_DIRECT_OBJC_ISA_USAGE = YES_ERROR;
				CLANG_WARN_DOCUMENTATION_COMMENTS = YES;
				CLANG_WARN_EMPTY_BODY = YES;
				CLANG_WARN_ENUM_CONVERSION = YES;
				CLANG_WARN_INFINITE_RECURSION = YES;
				CLANG_WARN_INT_CONVERSION = YES;
				CLANG_WARN_OBJC_ROOT_CLASS = YES_ERROR;
				CLANG_WARN_SUSPICIOUS_MOVES = YES;
				CLANG_WARN_UNREACHABLE_CODE = YES;
				CLANG_WARN__DUPLICATE_METHOD_MATCH = YES;
				"CODE_SIGN_IDENTITY[sdk=iphoneos*]" = "iPhone Developer";
				COPY_PHASE_STRIP = NO;
				DEBUG_INFORMATION_FORMAT = "dwarf-with-dsym";
				ENABLE_NS_ASSERTIONS = NO;
				ENABLE_STRICT_OBJC_MSGSEND = YES;
				GCC_C_LANGUAGE_STANDARD = gnu99;
				GCC_NO_COMMON_BLOCKS = YES;
				GCC_WARN_64_TO_32_BIT_CONVERSION = YES;
				GCC_WARN_ABOUT_RETURN_TYPE = YES_ERROR;
				GCC_WARN_UNDECLARED_SELECTOR = YES;
				GCC_WARN_UNINITIALIZED_AUTOS = YES_AGGRESSIVE;
				GCC_WARN_UNUSED_FUNCTION = YES;
				GCC_WARN_UNUSED_VARIABLE = YES;
				IPHONEOS_DEPLOYMENT_TARGET = 10.0;
				MTL_ENABLE_DEBUG_INFO = NO;
				SDKROOT = iphoneos;
				SWIFT_OPTIMIZATION_LEVEL = "-Owholemodule";
				TARGETED_DEVICE_FAMILY = "1,2";
				VALIDATE_PRODUCT = YES;
			};
			name = Release;
		};
		5F5EAD3B1DA2405500C671D0 /* Debug */ = {
			isa = XCBuildConfiguration;
			baseConfigurationReference = E19C506E489FED1AE462DD9E /* Pods-Initial.debug.xcconfig */;
			buildSettings = {
				ASSETCATALOG_COMPILER_APPICON_NAME = AppIcon;
				INFOPLIST_FILE = Initial/Info.plist;
				LD_RUNPATH_SEARCH_PATHS = "$(inherited) @executable_path/Frameworks";
				PRODUCT_BUNDLE_IDENTIFIER = com.posrocket.Initial;
				PRODUCT_NAME = "$(TARGET_NAME)";
				SWIFT_VERSION = 3.0;
			};
			name = Debug;
		};
		5F5EAD3C1DA2405500C671D0 /* Release */ = {
			isa = XCBuildConfiguration;
			baseConfigurationReference = DE36C7A7F8E75D55F22615DA /* Pods-Initial.release.xcconfig */;
			buildSettings = {
				ASSETCATALOG_COMPILER_APPICON_NAME = AppIcon;
				INFOPLIST_FILE = Initial/Info.plist;
				LD_RUNPATH_SEARCH_PATHS = "$(inherited) @executable_path/Frameworks";
				PRODUCT_BUNDLE_IDENTIFIER = com.posrocket.Initial;
				PRODUCT_NAME = "$(TARGET_NAME)";
				SWIFT_VERSION = 3.0;
			};
			name = Release;
		};
		5F5EAD3E1DA2405500C671D0 /* Debug */ = {
			isa = XCBuildConfiguration;
			buildSettings = {
				ALWAYS_EMBED_SWIFT_STANDARD_LIBRARIES = YES;
				BUNDLE_LOADER = "$(TEST_HOST)";
				INFOPLIST_FILE = InitialTests/Info.plist;
				LD_RUNPATH_SEARCH_PATHS = "$(inherited) @executable_path/Frameworks @loader_path/Frameworks";
				PRODUCT_BUNDLE_IDENTIFIER = com.posrocket.InitialTests;
				PRODUCT_NAME = "$(TARGET_NAME)";
				SWIFT_VERSION = 3.0;
				TEST_HOST = "$(BUILT_PRODUCTS_DIR)/Initial.app/Initial";
			};
			name = Debug;
		};
		5F5EAD3F1DA2405500C671D0 /* Release */ = {
			isa = XCBuildConfiguration;
			buildSettings = {
				ALWAYS_EMBED_SWIFT_STANDARD_LIBRARIES = YES;
				BUNDLE_LOADER = "$(TEST_HOST)";
				INFOPLIST_FILE = InitialTests/Info.plist;
				LD_RUNPATH_SEARCH_PATHS = "$(inherited) @executable_path/Frameworks @loader_path/Frameworks";
				PRODUCT_BUNDLE_IDENTIFIER = com.posrocket.InitialTests;
				PRODUCT_NAME = "$(TARGET_NAME)";
				SWIFT_VERSION = 3.0;
				TEST_HOST = "$(BUILT_PRODUCTS_DIR)/Initial.app/Initial";
			};
			name = Release;
		};
		5F5EAD411DA2405500C671D0 /* Debug */ = {
			isa = XCBuildConfiguration;
			buildSettings = {
				ALWAYS_EMBED_SWIFT_STANDARD_LIBRARIES = YES;
				INFOPLIST_FILE = InitialUITests/Info.plist;
				LD_RUNPATH_SEARCH_PATHS = "$(inherited) @executable_path/Frameworks @loader_path/Frameworks";
				PRODUCT_BUNDLE_IDENTIFIER = com.posrocket.InitialUITests;
				PRODUCT_NAME = "$(TARGET_NAME)";
				SWIFT_VERSION = 3.0;
				TEST_TARGET_NAME = Initial;
			};
			name = Debug;
		};
		5F5EAD421DA2405500C671D0 /* Release */ = {
			isa = XCBuildConfiguration;
			buildSettings = {
				ALWAYS_EMBED_SWIFT_STANDARD_LIBRARIES = YES;
				INFOPLIST_FILE = InitialUITests/Info.plist;
				LD_RUNPATH_SEARCH_PATHS = "$(inherited) @executable_path/Frameworks @loader_path/Frameworks";
				PRODUCT_BUNDLE_IDENTIFIER = com.posrocket.InitialUITests;
				PRODUCT_NAME = "$(TARGET_NAME)";
				SWIFT_VERSION = 3.0;
				TEST_TARGET_NAME = Initial;
			};
			name = Release;
		};
/* End XCBuildConfiguration section */

/* Begin XCConfigurationList section */
		5F5EAD0D1DA2405400C671D0 /* Build configuration list for PBXProject "Initial" */ = {
			isa = XCConfigurationList;
			buildConfigurations = (
				5F5EAD381DA2405500C671D0 /* Debug */,
				5F5EAD391DA2405500C671D0 /* Release */,
			);
			defaultConfigurationIsVisible = 0;
			defaultConfigurationName = Release;
		};
		5F5EAD3A1DA2405500C671D0 /* Build configuration list for PBXNativeTarget "Initial" */ = {
			isa = XCConfigurationList;
			buildConfigurations = (
				5F5EAD3B1DA2405500C671D0 /* Debug */,
				5F5EAD3C1DA2405500C671D0 /* Release */,
			);
			defaultConfigurationIsVisible = 0;
			defaultConfigurationName = Release;
		};
		5F5EAD3D1DA2405500C671D0 /* Build configuration list for PBXNativeTarget "InitialTests" */ = {
			isa = XCConfigurationList;
			buildConfigurations = (
				5F5EAD3E1DA2405500C671D0 /* Debug */,
				5F5EAD3F1DA2405500C671D0 /* Release */,
			);
			defaultConfigurationIsVisible = 0;
			defaultConfigurationName = Release;
		};
		5F5EAD401DA2405500C671D0 /* Build configuration list for PBXNativeTarget "InitialUITests" */ = {
			isa = XCConfigurationList;
			buildConfigurations = (
				5F5EAD411DA2405500C671D0 /* Debug */,
				5F5EAD421DA2405500C671D0 /* Release */,
			);
			defaultConfigurationIsVisible = 0;
			defaultConfigurationName = Release;
		};
/* End XCConfigurationList section */
	};
	rootObject = 5F5EAD0A1DA2405400C671D0 /* Project object */;
}
